# This file is @generated by PDM.
# It is not intended for manual editing.

[metadata]
groups = ["default"]
strategy = ["cross_platform", "inherit_metadata"]
lock_version = "4.4.1"
content_hash = "sha256:4997600d5df8dabf6bf00495b28c50c3964e0ce9cc29eaeb5cac4dd9988617fa"

[[package]]
name = "altgraph"
version = "0.17.4"
summary = "Python graph (network) package"
groups = ["default"]
files = [
    {file = "altgraph-0.17.4-py2.py3-none-any.whl", hash = "sha256:642743b4750de17e655e6711601b077bc6598dbfa3ba5fa2b2a35ce12b508dff"},
    {file = "altgraph-0.17.4.tar.gz", hash = "sha256:1b5afbb98f6c4dcadb2e2ae6ab9fa994bbb8c1d75f4fa96d340f9437ae454406"},
]

[[package]]
name = "macholib"
version = "1.16.3"
summary = "Mach-O header analysis and editing"
groups = ["default"]
marker = "sys_platform == \"darwin\""
dependencies = [
    "altgraph>=0.17",
]
files = [
    {file = "macholib-1.16.3-py2.py3-none-any.whl", hash = "sha256:0e315d7583d38b8c77e815b1ecbdbf504a8258d8b3e17b61165c6feb60d18f2c"},
    {file = "macholib-1.16.3.tar.gz", hash = "sha256:07ae9e15e8e4cd9a788013d81f5908b3609aa76f9b1421bae9c4d7606ec86a30"},
]

[[package]]
name = "packaging"
version = "23.2"
requires_python = ">=3.7"
summary = "Core utilities for Python packages"
groups = ["default"]
files = [
    {file = "packaging-23.2-py3-none-any.whl", hash = "sha256:8c491190033a9af7e1d931d0b5dacc2ef47509b34dd0de67ed209b5203fc88c7"},
    {file = "packaging-23.2.tar.gz", hash = "sha256:048fb0e9405036518eaaf48a55953c750c11e1a1b68e0dd1a9d62ed0c092cfc5"},
]

[[package]]
name = "pefile"
version = "2023.2.7"
requires_python = ">=3.6.0"
summary = "Python PE parsing module"
groups = ["default"]
marker = "sys_platform == \"win32\""
files = [
    {file = "pefile-2023.2.7-py3-none-any.whl", hash = "sha256:da185cd2af68c08a6cd4481f7325ed600a88f6a813bad9dea07ab3ef73d8d8d6"},
    {file = "pefile-2023.2.7.tar.gz", hash = "sha256:82e6114004b3d6911c77c3953e3838654b04511b8b66e8583db70c65998017dc"},
]

[[package]]
name = "pyinstaller"
version = "6.4.0"
requires_python = "<3.13,>=3.8"
summary = "PyInstaller bundles a Python application and all its dependencies into a single package."
groups = ["default"]
dependencies = [
    "altgraph",
    "macholib>=1.8; sys_platform == \"darwin\"",
    "packaging>=22.0",
    "pefile>=2022.5.30; sys_platform == \"win32\"",
    "pyinstaller-hooks-contrib>=2024.0",
    "pywin32-ctypes>=0.2.1; sys_platform == \"win32\"",
    "setuptools>=42.0.0",
]
files = [
    {file = "pyinstaller-6.4.0-py3-none-macosx_10_13_universal2.whl", hash = "sha256:a2e63fa71784f290bbf79b31b60a27c45b17a18b8c7f910757f9474e0c12c95d"},
    {file = "pyinstaller-6.4.0-py3-none-manylinux2014_aarch64.whl", hash = "sha256:3127724d1841f785a9916d7b4cfd9595f359925e9ce7d137a16db8c29ca8453b"},
    {file = "pyinstaller-6.4.0-py3-none-manylinux2014_i686.whl", hash = "sha256:a37f83850cb150ad1e00fe92acecc4d39b8e10162a1850a5836a05fcb2daa870"},
    {file = "pyinstaller-6.4.0-py3-none-manylinux2014_ppc64le.whl", hash = "sha256:28b98fa3c74602bdc4c5a7698e907f31e714cc40a13f6358082bcbc74ddab35c"},
    {file = "pyinstaller-6.4.0-py3-none-manylinux2014_s390x.whl", hash = "sha256:3ae62cf8858ec4dc54df6fa03d29bc78297e3c87caf532887eae8c3893be0789"},
    {file = "pyinstaller-6.4.0-py3-none-manylinux2014_x86_64.whl", hash = "sha256:e3e1e6922a4260dcacf6f5655b0ca857451e05ac502d01642935d0f2873ad3c7"},
    {file = "pyinstaller-6.4.0-py3-none-musllinux_1_1_aarch64.whl", hash = "sha256:78fb66ca753ef8becdf059eaa1e764d384cacb8c2ec76800126f8c9ef6d19a50"},
    {file = "pyinstaller-6.4.0-py3-none-musllinux_1_1_x86_64.whl", hash = "sha256:e07cff584600647af7dc279dd04c60cd1b4b1b41947b0753f8fcf1969300a583"},
    {file = "pyinstaller-6.4.0-py3-none-win32.whl", hash = "sha256:c7bc0fbea8a9010484cfa7d3856416003af73271f03ca3da4bc0eaf14680ad17"},
    {file = "pyinstaller-6.4.0-py3-none-win_amd64.whl", hash = "sha256:ec8a08c983e3febb0247893cd9bd59f55b6767a1f649cb41a0a129b8f04ff2cb"},
    {file = "pyinstaller-6.4.0-py3-none-win_arm64.whl", hash = "sha256:11e6da6a6e441379352ee460a8880f2633dac91dac0f5a9eeff5d449d459b046"},
    {file = "pyinstaller-6.4.0.tar.gz", hash = "sha256:1bf608ed947b58614711275a7ff169289b32560dc97ec748ebd5fa8bdec80649"},
]

[[package]]
name = "pyinstaller-hooks-contrib"
version = "2024.1"
requires_python = ">=3.7"
summary = "Community maintained hooks for PyInstaller"
groups = ["default"]
dependencies = [
    "packaging>=22.0",
    "setuptools>=42.0.0",
]
files = [
    {file = "pyinstaller-hooks-contrib-2024.1.tar.gz", hash = "sha256:51a51ea9e1ae6bd5ffa7ec45eba7579624bf4f2472ff56dba0edc186f6ed46a6"},
    {file = "pyinstaller_hooks_contrib-2024.1-py2.py3-none-any.whl", hash = "sha256:131494f9cfce190aaa66ed82e82c78b2723d1720ce64d012fbaf938f4ab01d35"},
]

[[package]]
name = "pyside6"
version = "6.6.2"
requires_python = "<3.13,>=3.8"
summary = "Python bindings for the Qt cross-platform application and UI framework"
groups = ["default"]
dependencies = [
    "PySide6-Addons==6.6.2",
    "PySide6-Essentials==6.6.2",
    "shiboken6==6.6.2",
]
files = [
    {file = "PySide6-6.6.2-cp38-abi3-macosx_11_0_universal2.whl", hash = "sha256:5bdaa27d1a921c35764d82a2ec86943488c818cb33b9e16b2784d539b45f6171"},
    {file = "PySide6-6.6.2-cp38-abi3-manylinux_2_28_x86_64.whl", hash = "sha256:3b6266fb29bab66526f2bbab2a6610f9f47a4df42ae6fb3713cd8329f593a561"},
    {file = "PySide6-6.6.2-cp38-abi3-manylinux_2_31_aarch64.whl", hash = "sha256:a8200b2a1f02e42adfd1f41bc60d52d157398778b6ba232d46ad7402bc6f91ec"},
    {file = "PySide6-6.6.2-cp38-abi3-win_amd64.whl", hash = "sha256:e359ebccd3f90fba85ebd5b93bdeadfa9e5d2fd06b3b5e8985aa5da50ca6243b"},
]

[[package]]
name = "pyside6-addons"
version = "6.6.2"
requires_python = "<3.13,>=3.8"
summary = "Python bindings for the Qt cross-platform application and UI framework (Addons)"
groups = ["default"]
dependencies = [
    "PySide6-Essentials==6.6.2",
    "shiboken6==6.6.2",
]
files = [
    {file = "PySide6_Addons-6.6.2-cp38-abi3-macosx_11_0_universal2.whl", hash = "sha256:4fb00bc98bc8335177eaa8f6d70ba687ab9bf00b3ee343abbc7156040f3e586d"},
    {file = "PySide6_Addons-6.6.2-cp38-abi3-manylinux_2_28_x86_64.whl", hash = "sha256:cbdb7393de88a916ed1e9bd8407149f911717d1e06aee04119e26042679d8cce"},
    {file = "PySide6_Addons-6.6.2-cp38-abi3-manylinux_2_31_aarch64.whl", hash = "sha256:90f20dcf2caf69307e20d3d682cbe2b1a38e7ddb1f50f4f0e3ae4306219f8883"},
    {file = "PySide6_Addons-6.6.2-cp38-abi3-win_amd64.whl", hash = "sha256:748151fb49d5fe760b7cf6c88c4ec851e68d66a119939567407115948bf8a08f"},
]

[[package]]
name = "pyside6-essentials"
version = "6.6.2"
requires_python = "<3.13,>=3.8"
summary = "Python bindings for the Qt cross-platform application and UI framework (Essentials)"
groups = ["default"]
dependencies = [
    "shiboken6==6.6.2",
]
files = [
    {file = "PySide6_Essentials-6.6.2-cp38-abi3-macosx_11_0_universal2.whl", hash = "sha256:41373f9b8fd17bb39a7dc7da85168508fe288955a17117c2e993339f387b23c1"},
    {file = "PySide6_Essentials-6.6.2-cp38-abi3-manylinux_2_28_x86_64.whl", hash = "sha256:90be2cf1a404f1c62777ccc6898895c864376f1fd68ae9f82f7622522bce5814"},
    {file = "PySide6_Essentials-6.6.2-cp38-abi3-manylinux_2_31_aarch64.whl", hash = "sha256:11496a322138eab4579c3683d2e3afebb41435412d4109394cb2b9ddaac66fe3"},
    {file = "PySide6_Essentials-6.6.2-cp38-abi3-win_amd64.whl", hash = "sha256:030a0565ad2d6361ed8be7826f81fe3dbb7a98330837687608e75cbede5f0ca2"},
]

[[package]]
name = "pywin32-ctypes"
version = "0.2.2"
requires_python = ">=3.6"
summary = "A (partial) reimplementation of pywin32 using ctypes/cffi"
groups = ["default"]
marker = "sys_platform == \"win32\""
files = [
    {file = "pywin32-ctypes-0.2.2.tar.gz", hash = "sha256:3426e063bdd5fd4df74a14fa3cf80a0b42845a87e1d1e81f6549f9daec593a60"},
    {file = "pywin32_ctypes-0.2.2-py3-none-any.whl", hash = "sha256:bf490a1a709baf35d688fe0ecf980ed4de11d2b3e37b51e5442587a75d9957e7"},
]

[[package]]
name = "setuptools"
version = "69.1.0"
requires_python = ">=3.8"
summary = "Easily download, build, install, upgrade, and uninstall Python packages"
groups = ["default"]
files = [
    {file = "setuptools-69.1.0-py3-none-any.whl", hash = "sha256:c054629b81b946d63a9c6e732bc8b2513a7c3ea645f11d0139a2191d735c60c6"},
    {file = "setuptools-69.1.0.tar.gz", hash = "sha256:850894c4195f09c4ed30dba56213bf7c3f21d86ed6bdaafb5df5972593bfc401"},
]

[[package]]
name = "shiboken6"
version = "6.6.2"
requires_python = "<3.13,>=3.8"
summary = "Python/C++ bindings helper module"
groups = ["default"]
files = [
    {file = "shiboken6-6.6.2-cp38-abi3-macosx_11_0_universal2.whl", hash = "sha256:531728324ad3ad4ed7b1d85d2dff548d618182d67024e16e84079f7db104590d"},
    {file = "shiboken6-6.6.2-cp38-abi3-manylinux_2_28_x86_64.whl", hash = "sha256:9da86622cee5e7201bafe9c5beee3c06d9168c6b8f3e2fac52c1b7df00956bff"},
    {file = "shiboken6-6.6.2-cp38-abi3-manylinux_2_31_aarch64.whl", hash = "sha256:60dbad15901ad6fff6e198d8668091bbb2f20b82729412e5fd4d47ac86c97d42"},
    {file = "shiboken6-6.6.2-cp38-abi3-win_amd64.whl", hash = "sha256:d4e99e7d1137a7d2c665a465b80baf820829dfba5fe474549d49b0ef81b0abf2"},
]
